// !$*UTF8*$!
{
	archiveVersion = 1;
	classes = {
	};
	objectVersion = 55;
	objects = {

/* Begin PBXBuildFile section */
		696CAEA02839465600EB0B1D /* FruitListTVC.swift in Sources */ = {isa = PBXBuildFile; fileRef = 696CAE9E2839465600EB0B1D /* FruitListTVC.swift */; };
		696CAEA12839465600EB0B1D /* FruitListTVC.xib in Resources */ = {isa = PBXBuildFile; fileRef = 696CAE9F2839465600EB0B1D /* FruitListTVC.xib */; };
		696CAEA3283948DE00EB0B1D /* AllFruitListDataModel.swift in Sources */ = {isa = PBXBuildFile; fileRef = 696CAEA2283948DE00EB0B1D /* AllFruitListDataModel.swift */; };
		696CAEA52839702F00EB0B1D /* FruitListService.swift in Sources */ = {isa = PBXBuildFile; fileRef = 696CAEA42839702F00EB0B1D /* FruitListService.swift */; };
		696CAEA728397B8D00EB0B1D /* MyFruitListDataModel.swift in Sources */ = {isa = PBXBuildFile; fileRef = 696CAEA628397B8D00EB0B1D /* MyFruitListDataModel.swift */; };
		C72892482838F03A00588B39 /* AppDelegate.swift in Sources */ = {isa = PBXBuildFile; fileRef = C72892472838F03A00588B39 /* AppDelegate.swift */; };
		C728924A2838F03A00588B39 /* SceneDelegate.swift in Sources */ = {isa = PBXBuildFile; fileRef = C72892492838F03A00588B39 /* SceneDelegate.swift */; };
		C728924C2838F03A00588B39 /* ViewController.swift in Sources */ = {isa = PBXBuildFile; fileRef = C728924B2838F03A00588B39 /* ViewController.swift */; };
		C728924F2838F03A00588B39 /* Main.storyboard in Resources */ = {isa = PBXBuildFile; fileRef = C728924D2838F03A00588B39 /* Main.storyboard */; };
		C72892512838F03D00588B39 /* Assets.xcassets in Resources */ = {isa = PBXBuildFile; fileRef = C72892502838F03D00588B39 /* Assets.xcassets */; };
		C72892542838F03D00588B39 /* LaunchScreen.storyboard in Resources */ = {isa = PBXBuildFile; fileRef = C72892522838F03D00588B39 /* LaunchScreen.storyboard */; };
		C728925D2839094800588B39 /* Alamofire in Frameworks */ = {isa = PBXBuildFile; productRef = C728925C2839094800588B39 /* Alamofire */; };
		C72892602839098600588B39 /* Kingfisher in Frameworks */ = {isa = PBXBuildFile; productRef = C728925F2839098600588B39 /* Kingfisher */; };
		C728926928391A2100588B39 /* Colorsets.xcassets in Resources */ = {isa = PBXBuildFile; fileRef = C728926828391A2100588B39 /* Colorsets.xcassets */; };
		C728926C28391AD600588B39 /* BaseVC.swift in Sources */ = {isa = PBXBuildFile; fileRef = C728926B28391AD600588B39 /* BaseVC.swift */; };
		C728926E28391E6900588B39 /* UIViewController+.swift in Sources */ = {isa = PBXBuildFile; fileRef = C728926D28391E6900588B39 /* UIViewController+.swift */; };
		C728927228391FD100588B39 /* FruitTBC.swift in Sources */ = {isa = PBXBuildFile; fileRef = C728927128391FD100588B39 /* FruitTBC.swift */; };
		C728927428391FF800588B39 /* APIConstants.swift in Sources */ = {isa = PBXBuildFile; fileRef = C728927328391FF800588B39 /* APIConstants.swift */; };
		C72892762839203600588B39 /* GenericResponse.swift in Sources */ = {isa = PBXBuildFile; fileRef = C72892752839203600588B39 /* GenericResponse.swift */; };
		C72892782839205E00588B39 /* NetworkResult.swift in Sources */ = {isa = PBXBuildFile; fileRef = C72892772839205E00588B39 /* NetworkResult.swift */; };
		C728927A2839231400588B39 /* Adjusted+.swift in Sources */ = {isa = PBXBuildFile; fileRef = C72892792839231400588B39 /* Adjusted+.swift */; };
		C728927C2839233300588B39 /* NSObject+.swift in Sources */ = {isa = PBXBuildFile; fileRef = C728927B2839233300588B39 /* NSObject+.swift */; };
		C728927E2839240A00588B39 /* UILabel+.swift in Sources */ = {isa = PBXBuildFile; fileRef = C728927D2839240A00588B39 /* UILabel+.swift */; };
		C72892802839249300588B39 /* UITableView+.swift in Sources */ = {isa = PBXBuildFile; fileRef = C728927F2839249300588B39 /* UITableView+.swift */; };
		C7289282283924ED00588B39 /* UITextField+.swift in Sources */ = {isa = PBXBuildFile; fileRef = C7289281283924ED00588B39 /* UITextField+.swift */; };
		C7289284283925D000588B39 /* UIView+.swift in Sources */ = {isa = PBXBuildFile; fileRef = C7289283283925D000588B39 /* UIView+.swift */; };
		C72892862839278400588B39 /* UIButton+.swift in Sources */ = {isa = PBXBuildFile; fileRef = C72892852839278400588B39 /* UIButton+.swift */; };
		C72892892839330E00588B39 /* MyTreeVC.storyboard in Resources */ = {isa = PBXBuildFile; fileRef = C72892882839330E00588B39 /* MyTreeVC.storyboard */; };
		C728928B2839332200588B39 /* MyTreeVC.swift in Sources */ = {isa = PBXBuildFile; fileRef = C728928A2839332200588B39 /* MyTreeVC.swift */; };
		C728928E2839335600588B39 /* PopUpVC.swift in Sources */ = {isa = PBXBuildFile; fileRef = C728928D2839335600588B39 /* PopUpVC.swift */; };
		C72892912839336C00588B39 /* WritingVC.storyboard in Resources */ = {isa = PBXBuildFile; fileRef = C72892902839336C00588B39 /* WritingVC.storyboard */; };
		C72892932839337F00588B39 /* WritingVC.swift in Sources */ = {isa = PBXBuildFile; fileRef = C72892922839337F00588B39 /* WritingVC.swift */; };
		C72892962839339600588B39 /* FruitDetailVC.storyboard in Resources */ = {isa = PBXBuildFile; fileRef = C72892952839339600588B39 /* FruitDetailVC.storyboard */; };
		C72892982839339D00588B39 /* FruitDetailVC.swift in Sources */ = {isa = PBXBuildFile; fileRef = C72892972839339D00588B39 /* FruitDetailVC.swift */; };
		C728929B283933C600588B39 /* FruitListVC.storyboard in Resources */ = {isa = PBXBuildFile; fileRef = C728929A283933C600588B39 /* FruitListVC.storyboard */; };
		C728929D283933CE00588B39 /* FruitListVC.swift in Sources */ = {isa = PBXBuildFile; fileRef = C728929C283933CE00588B39 /* FruitListVC.swift */; };
		C72892A12839410000588B39 /* PopUpVC.xib in Resources */ = {isa = PBXBuildFile; fileRef = C72892A02839410000588B39 /* PopUpVC.xib */; };
		C72892A328394F9900588B39 /* FloatingButtonVC.swift in Sources */ = {isa = PBXBuildFile; fileRef = C72892A228394F9900588B39 /* FloatingButtonVC.swift */; };
		C72892AB283967D000588B39 /* MyTreeService.swift in Sources */ = {isa = PBXBuildFile; fileRef = C72892AA283967D000588B39 /* MyTreeService.swift */; };
		C72892AE283968FA00588B39 /* GetMyTreeFruitMaximumCheckModel.swift in Sources */ = {isa = PBXBuildFile; fileRef = C72892AD283968FA00588B39 /* GetMyTreeFruitMaximumCheckModel.swift */; };
		C72892B02839705300588B39 /* GetMyTreeFruitModel.swift in Sources */ = {isa = PBXBuildFile; fileRef = C72892AF2839705300588B39 /* GetMyTreeFruitModel.swift */; };
		C7CCBDD728397ED00027AB6B /* UIColor+.swift in Sources */ = {isa = PBXBuildFile; fileRef = C7CCBDD628397ED00027AB6B /* UIColor+.swift */; };
		C7CCBDD9283994320027AB6B /* PopUpOneBtnVC.swift in Sources */ = {isa = PBXBuildFile; fileRef = C7CCBDD8283994320027AB6B /* PopUpOneBtnVC.swift */; };
		C7CCBDDC2839979A0027AB6B /* PopUpBtn.xib in Resources */ = {isa = PBXBuildFile; fileRef = C7CCBDDB2839979A0027AB6B /* PopUpBtn.xib */; };
		CE2443ED28394E0F0049BE9C /* CustomSegmentedControl.swift in Sources */ = {isa = PBXBuildFile; fileRef = CE2443EC28394E0F0049BE9C /* CustomSegmentedControl.swift */; };
		CE2443FC283981D60049BE9C /* PostFruitService.swift in Sources */ = {isa = PBXBuildFile; fileRef = CE2443FB283981D60049BE9C /* PostFruitService.swift */; };
		CE2443FE283982640049BE9C /* postFruitResponse.swift in Sources */ = {isa = PBXBuildFile; fileRef = CE2443FD283982640049BE9C /* postFruitResponse.swift */; };
		CED0B5F5283996AE0067988A /* WaterService.swift in Sources */ = {isa = PBXBuildFile; fileRef = CED0B5F4283996AE0067988A /* WaterService.swift */; };
		CED0B5F7283997600067988A /* WaterResponse.swift in Sources */ = {isa = PBXBuildFile; fileRef = CED0B5F6283997600067988A /* WaterResponse.swift */; };
/* End PBXBuildFile section */

/* Begin PBXFileReference section */
		696CAE9E2839465600EB0B1D /* FruitListTVC.swift */ = {isa = PBXFileReference; lastKnownFileType = sourcecode.swift; path = FruitListTVC.swift; sourceTree = "<group>"; };
		696CAE9F2839465600EB0B1D /* FruitListTVC.xib */ = {isa = PBXFileReference; lastKnownFileType = file.xib; path = FruitListTVC.xib; sourceTree = "<group>"; };
		696CAEA2283948DE00EB0B1D /* AllFruitListDataModel.swift */ = {isa = PBXFileReference; lastKnownFileType = sourcecode.swift; path = AllFruitListDataModel.swift; sourceTree = "<group>"; };
		696CAEA42839702F00EB0B1D /* FruitListService.swift */ = {isa = PBXFileReference; lastKnownFileType = sourcecode.swift; path = FruitListService.swift; sourceTree = "<group>"; };
		696CAEA628397B8D00EB0B1D /* MyFruitListDataModel.swift */ = {isa = PBXFileReference; lastKnownFileType = sourcecode.swift; path = MyFruitListDataModel.swift; sourceTree = "<group>"; };
		C72892442838F03A00588B39 /* Winner-iOS-11.app */ = {isa = PBXFileReference; explicitFileType = wrapper.application; includeInIndex = 0; path = "Winner-iOS-11.app"; sourceTree = BUILT_PRODUCTS_DIR; };
		C72892472838F03A00588B39 /* AppDelegate.swift */ = {isa = PBXFileReference; lastKnownFileType = sourcecode.swift; path = AppDelegate.swift; sourceTree = "<group>"; };
		C72892492838F03A00588B39 /* SceneDelegate.swift */ = {isa = PBXFileReference; lastKnownFileType = sourcecode.swift; path = SceneDelegate.swift; sourceTree = "<group>"; };
		C728924B2838F03A00588B39 /* ViewController.swift */ = {isa = PBXFileReference; lastKnownFileType = sourcecode.swift; path = ViewController.swift; sourceTree = "<group>"; };
		C728924E2838F03A00588B39 /* Base */ = {isa = PBXFileReference; lastKnownFileType = file.storyboard; name = Base; path = Base.lproj/Main.storyboard; sourceTree = "<group>"; };
		C72892502838F03D00588B39 /* Assets.xcassets */ = {isa = PBXFileReference; lastKnownFileType = folder.assetcatalog; path = Assets.xcassets; sourceTree = "<group>"; };
		C72892532838F03D00588B39 /* Base */ = {isa = PBXFileReference; lastKnownFileType = file.storyboard; name = Base; path = Base.lproj/LaunchScreen.storyboard; sourceTree = "<group>"; };
		C72892552838F03D00588B39 /* Info.plist */ = {isa = PBXFileReference; lastKnownFileType = text.plist.xml; path = Info.plist; sourceTree = "<group>"; };
		C728926828391A2100588B39 /* Colorsets.xcassets */ = {isa = PBXFileReference; lastKnownFileType = folder.assetcatalog; path = Colorsets.xcassets; sourceTree = "<group>"; };
		C728926B28391AD600588B39 /* BaseVC.swift */ = {isa = PBXFileReference; lastKnownFileType = sourcecode.swift; path = BaseVC.swift; sourceTree = "<group>"; };
		C728926D28391E6900588B39 /* UIViewController+.swift */ = {isa = PBXFileReference; lastKnownFileType = sourcecode.swift; path = "UIViewController+.swift"; sourceTree = "<group>"; };
		C728927128391FD100588B39 /* FruitTBC.swift */ = {isa = PBXFileReference; lastKnownFileType = sourcecode.swift; path = FruitTBC.swift; sourceTree = "<group>"; };
		C728927328391FF800588B39 /* APIConstants.swift */ = {isa = PBXFileReference; lastKnownFileType = sourcecode.swift; path = APIConstants.swift; sourceTree = "<group>"; };
		C72892752839203600588B39 /* GenericResponse.swift */ = {isa = PBXFileReference; lastKnownFileType = sourcecode.swift; path = GenericResponse.swift; sourceTree = "<group>"; };
		C72892772839205E00588B39 /* NetworkResult.swift */ = {isa = PBXFileReference; lastKnownFileType = sourcecode.swift; path = NetworkResult.swift; sourceTree = "<group>"; };
		C72892792839231400588B39 /* Adjusted+.swift */ = {isa = PBXFileReference; lastKnownFileType = sourcecode.swift; path = "Adjusted+.swift"; sourceTree = "<group>"; };
		C728927B2839233300588B39 /* NSObject+.swift */ = {isa = PBXFileReference; lastKnownFileType = sourcecode.swift; path = "NSObject+.swift"; sourceTree = "<group>"; };
		C728927D2839240A00588B39 /* UILabel+.swift */ = {isa = PBXFileReference; lastKnownFileType = sourcecode.swift; path = "UILabel+.swift"; sourceTree = "<group>"; };
		C728927F2839249300588B39 /* UITableView+.swift */ = {isa = PBXFileReference; lastKnownFileType = sourcecode.swift; path = "UITableView+.swift"; sourceTree = "<group>"; };
		C7289281283924ED00588B39 /* UITextField+.swift */ = {isa = PBXFileReference; lastKnownFileType = sourcecode.swift; path = "UITextField+.swift"; sourceTree = "<group>"; };
		C7289283283925D000588B39 /* UIView+.swift */ = {isa = PBXFileReference; lastKnownFileType = sourcecode.swift; path = "UIView+.swift"; sourceTree = "<group>"; };
		C72892852839278400588B39 /* UIButton+.swift */ = {isa = PBXFileReference; lastKnownFileType = sourcecode.swift; path = "UIButton+.swift"; sourceTree = "<group>"; };
		C72892882839330E00588B39 /* MyTreeVC.storyboard */ = {isa = PBXFileReference; lastKnownFileType = file.storyboard; path = MyTreeVC.storyboard; sourceTree = "<group>"; };
		C728928A2839332200588B39 /* MyTreeVC.swift */ = {isa = PBXFileReference; lastKnownFileType = sourcecode.swift; path = MyTreeVC.swift; sourceTree = "<group>"; };
		C728928D2839335600588B39 /* PopUpVC.swift */ = {isa = PBXFileReference; lastKnownFileType = sourcecode.swift; path = PopUpVC.swift; sourceTree = "<group>"; };
		C72892902839336C00588B39 /* WritingVC.storyboard */ = {isa = PBXFileReference; lastKnownFileType = file.storyboard; path = WritingVC.storyboard; sourceTree = "<group>"; };
		C72892922839337F00588B39 /* WritingVC.swift */ = {isa = PBXFileReference; lastKnownFileType = sourcecode.swift; path = WritingVC.swift; sourceTree = "<group>"; };
		C72892952839339600588B39 /* FruitDetailVC.storyboard */ = {isa = PBXFileReference; lastKnownFileType = file.storyboard; path = FruitDetailVC.storyboard; sourceTree = "<group>"; };
		C72892972839339D00588B39 /* FruitDetailVC.swift */ = {isa = PBXFileReference; lastKnownFileType = sourcecode.swift; path = FruitDetailVC.swift; sourceTree = "<group>"; };
		C728929A283933C600588B39 /* FruitListVC.storyboard */ = {isa = PBXFileReference; lastKnownFileType = file.storyboard; path = FruitListVC.storyboard; sourceTree = "<group>"; };
		C728929C283933CE00588B39 /* FruitListVC.swift */ = {isa = PBXFileReference; lastKnownFileType = sourcecode.swift; path = FruitListVC.swift; sourceTree = "<group>"; };
		C72892A02839410000588B39 /* PopUpVC.xib */ = {isa = PBXFileReference; lastKnownFileType = file.xib; path = PopUpVC.xib; sourceTree = "<group>"; };
		C72892A228394F9900588B39 /* FloatingButtonVC.swift */ = {isa = PBXFileReference; lastKnownFileType = sourcecode.swift; path = FloatingButtonVC.swift; sourceTree = "<group>"; };
		C72892AA283967D000588B39 /* MyTreeService.swift */ = {isa = PBXFileReference; lastKnownFileType = sourcecode.swift; path = MyTreeService.swift; sourceTree = "<group>"; };
		C72892AD283968FA00588B39 /* GetMyTreeFruitMaximumCheckModel.swift */ = {isa = PBXFileReference; lastKnownFileType = sourcecode.swift; path = GetMyTreeFruitMaximumCheckModel.swift; sourceTree = "<group>"; };
		C72892AF2839705300588B39 /* GetMyTreeFruitModel.swift */ = {isa = PBXFileReference; lastKnownFileType = sourcecode.swift; path = GetMyTreeFruitModel.swift; sourceTree = "<group>"; };
		C7CCBDD628397ED00027AB6B /* UIColor+.swift */ = {isa = PBXFileReference; lastKnownFileType = sourcecode.swift; path = "UIColor+.swift"; sourceTree = "<group>"; };
		C7CCBDD8283994320027AB6B /* PopUpOneBtnVC.swift */ = {isa = PBXFileReference; lastKnownFileType = sourcecode.swift; path = PopUpOneBtnVC.swift; sourceTree = "<group>"; };
		C7CCBDDA283994350027AB6B /* PopUpOneBtnVC.xib */ = {isa = PBXFileReference; lastKnownFileType = file.xib; path = PopUpOneBtnVC.xib; sourceTree = "<group>"; };
		C7CCBDDB2839979A0027AB6B /* PopUpBtn.xib */ = {isa = PBXFileReference; lastKnownFileType = file.xib; path = PopUpBtn.xib; sourceTree = "<group>"; };
		CE2443EC28394E0F0049BE9C /* CustomSegmentedControl.swift */ = {isa = PBXFileReference; lastKnownFileType = sourcecode.swift; path = CustomSegmentedControl.swift; sourceTree = "<group>"; };
		CE2443FB283981D60049BE9C /* PostFruitService.swift */ = {isa = PBXFileReference; lastKnownFileType = sourcecode.swift; path = PostFruitService.swift; sourceTree = "<group>"; };
		CE2443FD283982640049BE9C /* postFruitResponse.swift */ = {isa = PBXFileReference; lastKnownFileType = sourcecode.swift; path = postFruitResponse.swift; sourceTree = "<group>"; };
		CED0B5F4283996AE0067988A /* WaterService.swift */ = {isa = PBXFileReference; lastKnownFileType = sourcecode.swift; path = WaterService.swift; sourceTree = "<group>"; };
		CED0B5F6283997600067988A /* WaterResponse.swift */ = {isa = PBXFileReference; lastKnownFileType = sourcecode.swift; path = WaterResponse.swift; sourceTree = "<group>"; };
/* End PBXFileReference section */

/* Begin PBXFrameworksBuildPhase section */
		C72892412838F03A00588B39 /* Frameworks */ = {
			isa = PBXFrameworksBuildPhase;
			buildActionMask = 2147483647;
			files = (
				C72892602839098600588B39 /* Kingfisher in Frameworks */,
				C728925D2839094800588B39 /* Alamofire in Frameworks */,
			);
			runOnlyForDeploymentPostprocessing = 0;
		};
/* End PBXFrameworksBuildPhase section */

/* Begin PBXGroup section */
		696CAE9D283945CF00EB0B1D /* FruitCell */ = {
			isa = PBXGroup;
			children = (
				696CAE9E2839465600EB0B1D /* FruitListTVC.swift */,
				696CAE9F2839465600EB0B1D /* FruitListTVC.xib */,
				696CAEA2283948DE00EB0B1D /* AllFruitListDataModel.swift */,
				696CAEA628397B8D00EB0B1D /* MyFruitListDataModel.swift */,
			);
			path = FruitCell;
			sourceTree = "<group>";
		};
		C728923B2838F03A00588B39 = {
			isa = PBXGroup;
			children = (
				C72892462838F03A00588B39 /* Winner-iOS-11 */,
				C72892452838F03A00588B39 /* Products */,
			);
			sourceTree = "<group>";
		};
		C72892452838F03A00588B39 /* Products */ = {
			isa = PBXGroup;
			children = (
				C72892442838F03A00588B39 /* Winner-iOS-11.app */,
			);
			name = Products;
			sourceTree = "<group>";
		};
		C72892462838F03A00588B39 /* Winner-iOS-11 */ = {
			isa = PBXGroup;
			children = (
				C728926F28391FAE00588B39 /* Scenes */,
				C7289266283919EF00588B39 /* Supports */,
				C7289265283919EA00588B39 /* Extensions */,
				C7289264283919D000588B39 /* Network */,
				C7289262283919B800588B39 /* Common */,
				C72892612839199900588B39 /* Resources */,
				C728924B2838F03A00588B39 /* ViewController.swift */,
				C72892552838F03D00588B39 /* Info.plist */,
			);
			path = "Winner-iOS-11";
			sourceTree = "<group>";
		};
		C72892612839199900588B39 /* Resources */ = {
			isa = PBXGroup;
			children = (
				C728924D2838F03A00588B39 /* Main.storyboard */,
				C72892502838F03D00588B39 /* Assets.xcassets */,
				C728926828391A2100588B39 /* Colorsets.xcassets */,
				C7289267283919F900588B39 /* Font */,
			);
			path = Resources;
			sourceTree = "<group>";
		};
		C7289262283919B800588B39 /* Common */ = {
			isa = PBXGroup;
			children = (
				C728926A28391A3000588B39 /* Base */,
			);
			path = Common;
			sourceTree = "<group>";
		};
		C7289264283919D000588B39 /* Network */ = {
			isa = PBXGroup;
			children = (
				C728927328391FF800588B39 /* APIConstants.swift */,
				C72892752839203600588B39 /* GenericResponse.swift */,
				C72892772839205E00588B39 /* NetworkResult.swift */,
			);
			path = Network;
			sourceTree = "<group>";
		};
		C7289265283919EA00588B39 /* Extensions */ = {
			isa = PBXGroup;
			children = (
				C728926D28391E6900588B39 /* UIViewController+.swift */,
				C72892792839231400588B39 /* Adjusted+.swift */,
				C728927B2839233300588B39 /* NSObject+.swift */,
				C728927D2839240A00588B39 /* UILabel+.swift */,
				C728927F2839249300588B39 /* UITableView+.swift */,
				C7289281283924ED00588B39 /* UITextField+.swift */,
				C7289283283925D000588B39 /* UIView+.swift */,
				C72892852839278400588B39 /* UIButton+.swift */,
				C7CCBDD628397ED00027AB6B /* UIColor+.swift */,
			);
			path = Extensions;
			sourceTree = "<group>";
		};
		C7289266283919EF00588B39 /* Supports */ = {
			isa = PBXGroup;
			children = (
				C72892472838F03A00588B39 /* AppDelegate.swift */,
				C72892492838F03A00588B39 /* SceneDelegate.swift */,
			);
			path = Supports;
			sourceTree = "<group>";
		};
		C7289267283919F900588B39 /* Font */ = {
			isa = PBXGroup;
			children = (
			);
			path = Font;
			sourceTree = "<group>";
		};
		C728926A28391A3000588B39 /* Base */ = {
			isa = PBXGroup;
			children = (
				C728926B28391AD600588B39 /* BaseVC.swift */,
			);
			path = Base;
			sourceTree = "<group>";
		};
		C728926F28391FAE00588B39 /* Scenes */ = {
			isa = PBXGroup;
			children = (
				C72892522838F03D00588B39 /* LaunchScreen.storyboard */,
				C7289299283933A600588B39 /* FruitList */,
				C72892942839338300588B39 /* FruitDetail */,
				C728928F2839335C00588B39 /* Writing */,
				C728928C2839332E00588B39 /* PopUp */,
				C7289287283932BC00588B39 /* MyTree */,
				C728927028391FB400588B39 /* TabBar */,
			);
			path = Scenes;
			sourceTree = "<group>";
		};
		C728927028391FB400588B39 /* TabBar */ = {
			isa = PBXGroup;
			children = (
				C728927128391FD100588B39 /* FruitTBC.swift */,
			);
			path = TabBar;
			sourceTree = "<group>";
		};
		C7289287283932BC00588B39 /* MyTree */ = {
			isa = PBXGroup;
			children = (
				C7CCBDD8283994320027AB6B /* PopUpOneBtnVC.swift */,
				C7CCBDDA283994350027AB6B /* PopUpOneBtnVC.xib */,
				C72892AC283968E100588B39 /* Model */,
				C72892882839330E00588B39 /* MyTreeVC.storyboard */,
				C728928A2839332200588B39 /* MyTreeVC.swift */,
				C72892A228394F9900588B39 /* FloatingButtonVC.swift */,
				C72892AA283967D000588B39 /* MyTreeService.swift */,
				C7CCBDDB2839979A0027AB6B /* PopUpBtn.xib */,
			);
			path = MyTree;
			sourceTree = "<group>";
		};
		C728928C2839332E00588B39 /* PopUp */ = {
			isa = PBXGroup;
			children = (
				C728928D2839335600588B39 /* PopUpVC.swift */,
				C72892A02839410000588B39 /* PopUpVC.xib */,
			);
			path = PopUp;
			sourceTree = "<group>";
		};
		C728928F2839335C00588B39 /* Writing */ = {
			isa = PBXGroup;
			children = (
				CE2443FF283982BF0049BE9C /* API */,
				C72892902839336C00588B39 /* WritingVC.storyboard */,
				C72892922839337F00588B39 /* WritingVC.swift */,
				CE2443EC28394E0F0049BE9C /* CustomSegmentedControl.swift */,
			);
			path = Writing;
			sourceTree = "<group>";
		};
		C72892942839338300588B39 /* FruitDetail */ = {
			isa = PBXGroup;
			children = (
				C72892952839339600588B39 /* FruitDetailVC.storyboard */,
				C72892972839339D00588B39 /* FruitDetailVC.swift */,
			);
			path = FruitDetail;
			sourceTree = "<group>";
		};
		C7289299283933A600588B39 /* FruitList */ = {
			isa = PBXGroup;
			children = (
				696CAE9D283945CF00EB0B1D /* FruitCell */,
				C728929A283933C600588B39 /* FruitListVC.storyboard */,
				C728929C283933CE00588B39 /* FruitListVC.swift */,
				696CAEA42839702F00EB0B1D /* FruitListService.swift */,
			);
			path = FruitList;
			sourceTree = "<group>";
		};
		C72892AC283968E100588B39 /* Model */ = {
			isa = PBXGroup;
			children = (
				C72892AD283968FA00588B39 /* GetMyTreeFruitMaximumCheckModel.swift */,
				C72892AF2839705300588B39 /* GetMyTreeFruitModel.swift */,
			);
			path = Model;
			sourceTree = "<group>";
		};
		CE2443FF283982BF0049BE9C /* API */ = {
			isa = PBXGroup;
			children = (
				CE2443FB283981D60049BE9C /* PostFruitService.swift */,
				CE2443FD283982640049BE9C /* postFruitResponse.swift */,
				CED0B5F4283996AE0067988A /* WaterService.swift */,
				CED0B5F6283997600067988A /* WaterResponse.swift */,
			);
			path = API;
			sourceTree = "<group>";
		};
/* End PBXGroup section */

/* Begin PBXNativeTarget section */
		C72892432838F03A00588B39 /* Winner-iOS-11 */ = {
			isa = PBXNativeTarget;
			buildConfigurationList = C72892582838F03D00588B39 /* Build configuration list for PBXNativeTarget "Winner-iOS-11" */;
			buildPhases = (
				C72892402838F03A00588B39 /* Sources */,
				C72892412838F03A00588B39 /* Frameworks */,
				C72892422838F03A00588B39 /* Resources */,
			);
			buildRules = (
			);
			dependencies = (
			);
			name = "Winner-iOS-11";
			packageProductDependencies = (
				C728925C2839094800588B39 /* Alamofire */,
				C728925F2839098600588B39 /* Kingfisher */,
			);
			productName = "Winner-iOS-11";
			productReference = C72892442838F03A00588B39 /* Winner-iOS-11.app */;
			productType = "com.apple.product-type.application";
		};
/* End PBXNativeTarget section */

/* Begin PBXProject section */
		C728923C2838F03A00588B39 /* Project object */ = {
			isa = PBXProject;
			attributes = {
				BuildIndependentTargetsInParallel = 1;
				LastSwiftUpdateCheck = 1330;
				LastUpgradeCheck = 1330;
				TargetAttributes = {
					C72892432838F03A00588B39 = {
						CreatedOnToolsVersion = 13.3.1;
					};
				};
			};
			buildConfigurationList = C728923F2838F03A00588B39 /* Build configuration list for PBXProject "Winner-iOS-11" */;
			compatibilityVersion = "Xcode 13.0";
			developmentRegion = en;
			hasScannedForEncodings = 0;
			knownRegions = (
				en,
				Base,
			);
			mainGroup = C728923B2838F03A00588B39;
			packageReferences = (
				C728925B2839094800588B39 /* XCRemoteSwiftPackageReference "Alamofire" */,
				C728925E2839098600588B39 /* XCRemoteSwiftPackageReference "Kingfisher" */,
			);
			productRefGroup = C72892452838F03A00588B39 /* Products */;
			projectDirPath = "";
			projectRoot = "";
			targets = (
				C72892432838F03A00588B39 /* Winner-iOS-11 */,
			);
		};
/* End PBXProject section */

/* Begin PBXResourcesBuildPhase section */
		C72892422838F03A00588B39 /* Resources */ = {
			isa = PBXResourcesBuildPhase;
			buildActionMask = 2147483647;
			files = (
				C728926928391A2100588B39 /* Colorsets.xcassets in Resources */,
				C72892A12839410000588B39 /* PopUpVC.xib in Resources */,
				C72892542838F03D00588B39 /* LaunchScreen.storyboard in Resources */,
				C72892912839336C00588B39 /* WritingVC.storyboard in Resources */,
				C72892512838F03D00588B39 /* Assets.xcassets in Resources */,
				C728929B283933C600588B39 /* FruitListVC.storyboard in Resources */,
				696CAEA12839465600EB0B1D /* FruitListTVC.xib in Resources */,
				C72892892839330E00588B39 /* MyTreeVC.storyboard in Resources */,
				C72892962839339600588B39 /* FruitDetailVC.storyboard in Resources */,
				C728924F2838F03A00588B39 /* Main.storyboard in Resources */,
				C7CCBDDC2839979A0027AB6B /* PopUpBtn.xib in Resources */,
			);
			runOnlyForDeploymentPostprocessing = 0;
		};
/* End PBXResourcesBuildPhase section */

/* Begin PBXSourcesBuildPhase section */
		C72892402838F03A00588B39 /* Sources */ = {
			isa = PBXSourcesBuildPhase;
			buildActionMask = 2147483647;
			files = (
				C72892932839337F00588B39 /* WritingVC.swift in Sources */,
				CED0B5F5283996AE0067988A /* WaterService.swift in Sources */,
				CED0B5F7283997600067988A /* WaterResponse.swift in Sources */,
				C728927228391FD100588B39 /* FruitTBC.swift in Sources */,
				C728927428391FF800588B39 /* APIConstants.swift in Sources */,
				C72892AE283968FA00588B39 /* GetMyTreeFruitMaximumCheckModel.swift in Sources */,
				C72892B02839705300588B39 /* GetMyTreeFruitModel.swift in Sources */,
				C728924C2838F03A00588B39 /* ViewController.swift in Sources */,
				696CAEA3283948DE00EB0B1D /* AllFruitListDataModel.swift in Sources */,
				C728927A2839231400588B39 /* Adjusted+.swift in Sources */,
				C72892782839205E00588B39 /* NetworkResult.swift in Sources */,
				C72892482838F03A00588B39 /* AppDelegate.swift in Sources */,
				CE2443ED28394E0F0049BE9C /* CustomSegmentedControl.swift in Sources */,
				C728927E2839240A00588B39 /* UILabel+.swift in Sources */,
				C72892A328394F9900588B39 /* FloatingButtonVC.swift in Sources */,
				C72892802839249300588B39 /* UITableView+.swift in Sources */,
				C72892762839203600588B39 /* GenericResponse.swift in Sources */,
				696CAEA02839465600EB0B1D /* FruitListTVC.swift in Sources */,
				C728928E2839335600588B39 /* PopUpVC.swift in Sources */,
				CE2443FE283982640049BE9C /* postFruitResponse.swift in Sources */,
				C728928B2839332200588B39 /* MyTreeVC.swift in Sources */,
				C72892982839339D00588B39 /* FruitDetailVC.swift in Sources */,
				C7289284283925D000588B39 /* UIView+.swift in Sources */,
				C728929D283933CE00588B39 /* FruitListVC.swift in Sources */,
				C7289282283924ED00588B39 /* UITextField+.swift in Sources */,
				C728927C2839233300588B39 /* NSObject+.swift in Sources */,
				C728926E28391E6900588B39 /* UIViewController+.swift in Sources */,
				C728924A2838F03A00588B39 /* SceneDelegate.swift in Sources */,
				C7CCBDD9283994320027AB6B /* PopUpOneBtnVC.swift in Sources */,
				696CAEA52839702F00EB0B1D /* FruitListService.swift in Sources */,
				696CAEA728397B8D00EB0B1D /* MyFruitListDataModel.swift in Sources */,
				C728926C28391AD600588B39 /* BaseVC.swift in Sources */,
				C72892AB283967D000588B39 /* MyTreeService.swift in Sources */,
				C72892862839278400588B39 /* UIButton+.swift in Sources */,
				C7CCBDD728397ED00027AB6B /* UIColor+.swift in Sources */,
				CE2443FC283981D60049BE9C /* PostFruitService.swift in Sources */,
			);
			runOnlyForDeploymentPostprocessing = 0;
		};
/* End PBXSourcesBuildPhase section */

/* Begin PBXVariantGroup section */
		C728924D2838F03A00588B39 /* Main.storyboard */ = {
			isa = PBXVariantGroup;
			children = (
				C728924E2838F03A00588B39 /* Base */,
			);
			name = Main.storyboard;
			sourceTree = "<group>";
		};
		C72892522838F03D00588B39 /* LaunchScreen.storyboard */ = {
			isa = PBXVariantGroup;
			children = (
				C72892532838F03D00588B39 /* Base */,
			);
			name = LaunchScreen.storyboard;
			sourceTree = "<group>";
		};
/* End PBXVariantGroup section */

/* Begin XCBuildConfiguration section */
		C72892562838F03D00588B39 /* Debug */ = {
			isa = XCBuildConfiguration;
			buildSettings = {
				ALWAYS_SEARCH_USER_PATHS = NO;
				CLANG_ANALYZER_NONNULL = YES;
				CLANG_ANALYZER_NUMBER_OBJECT_CONVERSION = YES_AGGRESSIVE;
				CLANG_CXX_LANGUAGE_STANDARD = "gnu++17";
				CLANG_ENABLE_MODULES = YES;
				CLANG_ENABLE_OBJC_ARC = YES;
				CLANG_ENABLE_OBJC_WEAK = YES;
				CLANG_WARN_BLOCK_CAPTURE_AUTORELEASING = YES;
				CLANG_WARN_BOOL_CONVERSION = YES;
				CLANG_WARN_COMMA = YES;
				CLANG_WARN_CONSTANT_CONVERSION = YES;
				CLANG_WARN_DEPRECATED_OBJC_IMPLEMENTATIONS = YES;
				CLANG_WARN_DIRECT_OBJC_ISA_USAGE = YES_ERROR;
				CLANG_WARN_DOCUMENTATION_COMMENTS = YES;
				CLANG_WARN_EMPTY_BODY = YES;
				CLANG_WARN_ENUM_CONVERSION = YES;
				CLANG_WARN_INFINITE_RECURSION = YES;
				CLANG_WARN_INT_CONVERSION = YES;
				CLANG_WARN_NON_LITERAL_NULL_CONVERSION = YES;
				CLANG_WARN_OBJC_IMPLICIT_RETAIN_SELF = YES;
				CLANG_WARN_OBJC_LITERAL_CONVERSION = YES;
				CLANG_WARN_OBJC_ROOT_CLASS = YES_ERROR;
				CLANG_WARN_QUOTED_INCLUDE_IN_FRAMEWORK_HEADER = YES;
				CLANG_WARN_RANGE_LOOP_ANALYSIS = YES;
				CLANG_WARN_STRICT_PROTOTYPES = YES;
				CLANG_WARN_SUSPICIOUS_MOVE = YES;
				CLANG_WARN_UNGUARDED_AVAILABILITY = YES_AGGRESSIVE;
				CLANG_WARN_UNREACHABLE_CODE = YES;
				CLANG_WARN__DUPLICATE_METHOD_MATCH = YES;
				COPY_PHASE_STRIP = NO;
				DEBUG_INFORMATION_FORMAT = dwarf;
				ENABLE_STRICT_OBJC_MSGSEND = YES;
				ENABLE_TESTABILITY = YES;
				GCC_C_LANGUAGE_STANDARD = gnu11;
				GCC_DYNAMIC_NO_PIC = NO;
				GCC_NO_COMMON_BLOCKS = YES;
				GCC_OPTIMIZATION_LEVEL = 0;
				GCC_PREPROCESSOR_DEFINITIONS = (
					"DEBUG=1",
					"$(inherited)",
				);
				GCC_WARN_64_TO_32_BIT_CONVERSION = YES;
				GCC_WARN_ABOUT_RETURN_TYPE = YES_ERROR;
				GCC_WARN_UNDECLARED_SELECTOR = YES;
				GCC_WARN_UNINITIALIZED_AUTOS = YES_AGGRESSIVE;
				GCC_WARN_UNUSED_FUNCTION = YES;
				GCC_WARN_UNUSED_VARIABLE = YES;
				IPHONEOS_DEPLOYMENT_TARGET = 15.0;
				MTL_ENABLE_DEBUG_INFO = INCLUDE_SOURCE;
				MTL_FAST_MATH = YES;
				ONLY_ACTIVE_ARCH = YES;
				SDKROOT = iphoneos;
				SWIFT_ACTIVE_COMPILATION_CONDITIONS = DEBUG;
				SWIFT_OPTIMIZATION_LEVEL = "-Onone";
			};
			name = Debug;
		};
		C72892572838F03D00588B39 /* Release */ = {
			isa = XCBuildConfiguration;
			buildSettings = {
				ALWAYS_SEARCH_USER_PATHS = NO;
				CLANG_ANALYZER_NONNULL = YES;
				CLANG_ANALYZER_NUMBER_OBJECT_CONVERSION = YES_AGGRESSIVE;
				CLANG_CXX_LANGUAGE_STANDARD = "gnu++17";
				CLANG_ENABLE_MODULES = YES;
				CLANG_ENABLE_OBJC_ARC = YES;
				CLANG_ENABLE_OBJC_WEAK = YES;
				CLANG_WARN_BLOCK_CAPTURE_AUTORELEASING = YES;
				CLANG_WARN_BOOL_CONVERSION = YES;
				CLANG_WARN_COMMA = YES;
				CLANG_WARN_CONSTANT_CONVERSION = YES;
				CLANG_WARN_DEPRECATED_OBJC_IMPLEMENTATIONS = YES;
				CLANG_WARN_DIRECT_OBJC_ISA_USAGE = YES_ERROR;
				CLANG_WARN_DOCUMENTATION_COMMENTS = YES;
				CLANG_WARN_EMPTY_BODY = YES;
				CLANG_WARN_ENUM_CONVERSION = YES;
				CLANG_WARN_INFINITE_RECURSION = YES;
				CLANG_WARN_INT_CONVERSION = YES;
				CLANG_WARN_NON_LITERAL_NULL_CONVERSION = YES;
				CLANG_WARN_OBJC_IMPLICIT_RETAIN_SELF = YES;
				CLANG_WARN_OBJC_LITERAL_CONVERSION = YES;
				CLANG_WARN_OBJC_ROOT_CLASS = YES_ERROR;
				CLANG_WARN_QUOTED_INCLUDE_IN_FRAMEWORK_HEADER = YES;
				CLANG_WARN_RANGE_LOOP_ANALYSIS = YES;
				CLANG_WARN_STRICT_PROTOTYPES = YES;
				CLANG_WARN_SUSPICIOUS_MOVE = YES;
				CLANG_WARN_UNGUARDED_AVAILABILITY = YES_AGGRESSIVE;
				CLANG_WARN_UNREACHABLE_CODE = YES;
				CLANG_WARN__DUPLICATE_METHOD_MATCH = YES;
				COPY_PHASE_STRIP = NO;
				DEBUG_INFORMATION_FORMAT = "dwarf-with-dsym";
				ENABLE_NS_ASSERTIONS = NO;
				ENABLE_STRICT_OBJC_MSGSEND = YES;
				GCC_C_LANGUAGE_STANDARD = gnu11;
				GCC_NO_COMMON_BLOCKS = YES;
				GCC_WARN_64_TO_32_BIT_CONVERSION = YES;
				GCC_WARN_ABOUT_RETURN_TYPE = YES_ERROR;
				GCC_WARN_UNDECLARED_SELECTOR = YES;
				GCC_WARN_UNINITIALIZED_AUTOS = YES_AGGRESSIVE;
				GCC_WARN_UNUSED_FUNCTION = YES;
				GCC_WARN_UNUSED_VARIABLE = YES;
				IPHONEOS_DEPLOYMENT_TARGET = 15.0;
				MTL_ENABLE_DEBUG_INFO = NO;
				MTL_FAST_MATH = YES;
				SDKROOT = iphoneos;
				SWIFT_COMPILATION_MODE = wholemodule;
				SWIFT_OPTIMIZATION_LEVEL = "-O";
				VALIDATE_PRODUCT = YES;
			};
			name = Release;
		};
		C72892592838F03D00588B39 /* Debug */ = {
			isa = XCBuildConfiguration;
			buildSettings = {
				ASSETCATALOG_COMPILER_APPICON_NAME = AppIcon;
				ASSETCATALOG_COMPILER_GLOBAL_ACCENT_COLOR_NAME = AccentColor;
				CODE_SIGN_STYLE = Automatic;
				CURRENT_PROJECT_VERSION = 1;
				DEVELOPMENT_TEAM = N4RT4KGQK9;
				GENERATE_INFOPLIST_FILE = YES;
				INFOPLIST_FILE = "Winner-iOS-11/Info.plist";
				INFOPLIST_KEY_UIApplicationSupportsIndirectInputEvents = YES;
				INFOPLIST_KEY_UILaunchStoryboardName = LaunchScreen;
				INFOPLIST_KEY_UIMainStoryboardFile = Main;
				INFOPLIST_KEY_UISupportedInterfaceOrientations_iPad = "UIInterfaceOrientationPortrait UIInterfaceOrientationPortraitUpsideDown UIInterfaceOrientationLandscapeLeft UIInterfaceOrientationLandscapeRight";
				INFOPLIST_KEY_UISupportedInterfaceOrientations_iPhone = "UIInterfaceOrientationPortrait UIInterfaceOrientationLandscapeLeft UIInterfaceOrientationLandscapeRight";
				IPHONEOS_DEPLOYMENT_TARGET = 15.0;
				LD_RUNPATH_SEARCH_PATHS = (
					"$(inherited)",
					"@executable_path/Frameworks",
				);
				MARKETING_VERSION = 1.0;
				PRODUCT_BUNDLE_IDENTIFIER = "madilyn.Winner-iOS-11";
				PRODUCT_NAME = "$(TARGET_NAME)";
				SWIFT_EMIT_LOC_STRINGS = YES;
				SWIFT_VERSION = 5.0;
				TARGETED_DEVICE_FAMILY = "1,2";
			};
			name = Debug;
		};
		C728925A2838F03D00588B39 /* Release */ = {
			isa = XCBuildConfiguration;
			buildSettings = {
				ASSETCATALOG_COMPILER_APPICON_NAME = AppIcon;
				ASSETCATALOG_COMPILER_GLOBAL_ACCENT_COLOR_NAME = AccentColor;
				CODE_SIGN_STYLE = Automatic;
				CURRENT_PROJECT_VERSION = 1;
				DEVELOPMENT_TEAM = N4RT4KGQK9;
				GENERATE_INFOPLIST_FILE = YES;
				INFOPLIST_FILE = "Winner-iOS-11/Info.plist";
				INFOPLIST_KEY_UIApplicationSupportsIndirectInputEvents = YES;
				INFOPLIST_KEY_UILaunchStoryboardName = LaunchScreen;
				INFOPLIST_KEY_UIMainStoryboardFile = Main;
				INFOPLIST_KEY_UISupportedInterfaceOrientations_iPad = "UIInterfaceOrientationPortrait UIInterfaceOrientationPortraitUpsideDown UIInterfaceOrientationLandscapeLeft UIInterfaceOrientationLandscapeRight";
				INFOPLIST_KEY_UISupportedInterfaceOrientations_iPhone = "UIInterfaceOrientationPortrait UIInterfaceOrientationLandscapeLeft UIInterfaceOrientationLandscapeRight";
				IPHONEOS_DEPLOYMENT_TARGET = 15.0;
				LD_RUNPATH_SEARCH_PATHS = (
					"$(inherited)",
					"@executable_path/Frameworks",
				);
				MARKETING_VERSION = 1.0;
				PRODUCT_BUNDLE_IDENTIFIER = "madilyn.Winner-iOS-11";
				PRODUCT_NAME = "$(TARGET_NAME)";
				SWIFT_EMIT_LOC_STRINGS = YES;
				SWIFT_VERSION = 5.0;
				TARGETED_DEVICE_FAMILY = "1,2";
			};
			name = Release;
		};
/* End XCBuildConfiguration section */

/* Begin XCConfigurationList section */
		C728923F2838F03A00588B39 /* Build configuration list for PBXProject "Winner-iOS-11" */ = {
			isa = XCConfigurationList;
			buildConfigurations = (
				C72892562838F03D00588B39 /* Debug */,
				C72892572838F03D00588B39 /* Release */,
			);
			defaultConfigurationIsVisible = 0;
			defaultConfigurationName = Release;
		};
		C72892582838F03D00588B39 /* Build configuration list for PBXNativeTarget "Winner-iOS-11" */ = {
			isa = XCConfigurationList;
			buildConfigurations = (
				C72892592838F03D00588B39 /* Debug */,
				C728925A2838F03D00588B39 /* Release */,
			);
			defaultConfigurationIsVisible = 0;
			defaultConfigurationName = Release;
		};
/* End XCConfigurationList section */

/* Begin XCRemoteSwiftPackageReference section */
		C728925B2839094800588B39 /* XCRemoteSwiftPackageReference "Alamofire" */ = {
			isa = XCRemoteSwiftPackageReference;
			repositoryURL = "https://github.com/Alamofire/Alamofire.git";
			requirement = {
				kind = upToNextMajorVersion;
				minimumVersion = 5.0.0;
			};
		};
		C728925E2839098600588B39 /* XCRemoteSwiftPackageReference "Kingfisher" */ = {
			isa = XCRemoteSwiftPackageReference;
			repositoryURL = "https://github.com/onevcat/Kingfisher.git";
			requirement = {
				kind = upToNextMajorVersion;
				minimumVersion = 7.0.0;
			};
		};
/* End XCRemoteSwiftPackageReference section */

/* Begin XCSwiftPackageProductDependency section */
		C728925C2839094800588B39 /* Alamofire */ = {
			isa = XCSwiftPackageProductDependency;
			package = C728925B2839094800588B39 /* XCRemoteSwiftPackageReference "Alamofire" */;
			productName = Alamofire;
		};
		C728925F2839098600588B39 /* Kingfisher */ = {
			isa = XCSwiftPackageProductDependency;
			package = C728925E2839098600588B39 /* XCRemoteSwiftPackageReference "Kingfisher" */;
			productName = Kingfisher;
		};
/* End XCSwiftPackageProductDependency section */
	};
	rootObject = C728923C2838F03A00588B39 /* Project object */;
}
